
Microsoft Visual Studio Solution File, Format Version 12.00
# Visual Studio Version 16
VisualStudioVersion = 16.0.31410.357
MinimumVisualStudioVersion = 10.0.40219.1
Project("{9A19103F-16F7-4668-BE54-9A1E7A4F7556}") = "ASP.NET_API", "ASP.NET_API\ASP.NET_API.csproj", "{7F61D429-F02E-4DB7-A1B8-E19C470C3BE9}"
EndProject
Project("{9A19103F-16F7-4668-BE54-9A1E7A4F7556}") = "ASP.NET_WEB.MVC", "ASP.NET_WEB.MVC\ASP.NET_WEB.MVC.csproj", "{0EED1E13-356C-4402-9AAE-220AE2B288B8}"
EndProject
Project("{2150E333-8FDC-42A3-9474-1A3956D46DE8}") = "src", "src", "{9B6E96CD-4EC9-4674-B75D-A0AC0D6603C0}"
EndProject
Project("{2150E333-8FDC-42A3-9474-1A3956D46DE8}") = "tests", "tests", "{BF235581-E7A8-428F-BE29-0040F35B14CB}"
EndProject
Project("{FAE04EC0-301F-11D3-BF4B-00C04F79EFBC}") = "ASP.NET_API.TESTS", "tests\ASP.NET_API.TESTS\ASP.NET_API.TESTS.csproj", "{16262D50-6BA0-4C74-B975-BF280AF22B32}"
EndProject
Global
	GlobalSection(SolutionConfigurationPlatforms) = preSolution
		Debug|Any CPU = Debug|Any CPU
		Release|Any CPU = Release|Any CPU
	EndGlobalSection
	GlobalSection(ProjectConfigurationPlatforms) = postSolution
		{7F61D429-F02E-4DB7-A1B8-E19C470C3BE9}.Debug|Any CPU.ActiveCfg = Debug|Any CPU
		{7F61D429-F02E-4DB7-A1B8-E19C470C3BE9}.Debug|Any CPU.Build.0 = Debug|Any CPU
		{7F61D429-F02E-4DB7-A1B8-E19C470C3BE9}.Release|Any CPU.ActiveCfg = Release|Any CPU
		{7F61D429-F02E-4DB7-A1B8-E19C470C3BE9}.Release|Any CPU.Build.0 = Release|Any CPU
		{0EED1E13-356C-4402-9AAE-220AE2B288B8}.Debug|Any CPU.ActiveCfg = Debug|Any CPU
		{0EED1E13-356C-4402-9AAE-220AE2B288B8}.Debug|Any CPU.Build.0 = Debug|Any CPU
		{0EED1E13-356C-4402-9AAE-220AE2B288B8}.Release|Any CPU.ActiveCfg = Release|Any CPU
		{0EED1E13-356C-4402-9AAE-220AE2B288B8}.Release|Any CPU.Build.0 = Release|Any CPU
		{16262D50-6BA0-4C74-B975-BF280AF22B32}.Debug|Any CPU.ActiveCfg = Debug|Any CPU
		{16262D50-6BA0-4C74-B975-BF280AF22B32}.Debug|Any CPU.Build.0 = Debug|Any CPU
		{16262D50-6BA0-4C74-B975-BF280AF22B32}.Release|Any CPU.ActiveCfg = Release|Any CPU
		{16262D50-6BA0-4C74-B975-BF280AF22B32}.Release|Any CPU.Build.0 = Release|Any CPU
	EndGlobalSection
	GlobalSection(SolutionProperties) = preSolution
		HideSolutionNode = FALSE
	EndGlobalSection
	GlobalSection(NestedProjects) = preSolution
		{7F61D429-F02E-4DB7-A1B8-E19C470C3BE9} = {9B6E96CD-4EC9-4674-B75D-A0AC0D6603C0}
		{0EED1E13-356C-4402-9AAE-220AE2B288B8} = {9B6E96CD-4EC9-4674-B75D-A0AC0D6603C0}
		{16262D50-6BA0-4C74-B975-BF280AF22B32} = {BF235581-E7A8-428F-BE29-0040F35B14CB}
	EndGlobalSection
	GlobalSection(ExtensibilityGlobals) = postSolution
		SolutionGuid = {68D3DEA7-DE38-44F9-BE26-68DA9A9A8AEA}
	EndGlobalSection
EndGlobal
